// !$*UTF8*$!
{
	archiveVersion = 1;
	classes = {
	};
	objectVersion = 50;
	objects = {

/* Begin PBXBuildFile section */
		1FF48431243BB3CF005FD41F /* AppDelegate.swift in Sources */ = {isa = PBXBuildFile; fileRef = 1FF48430243BB3CF005FD41F /* AppDelegate.swift */; };
		1FF48433243BB3CF005FD41F /* SceneDelegate.swift in Sources */ = {isa = PBXBuildFile; fileRef = 1FF48432243BB3CF005FD41F /* SceneDelegate.swift */; };
		1FF48435243BB3CF005FD41F /* ViewController.swift in Sources */ = {isa = PBXBuildFile; fileRef = 1FF48434243BB3CF005FD41F /* ViewController.swift */; };
		1FF48438243BB3CF005FD41F /* Main.storyboard in Resources */ = {isa = PBXBuildFile; fileRef = 1FF48436243BB3CF005FD41F /* Main.storyboard */; };
		1FF4843A243BB3CF005FD41F /* Assets.xcassets in Resources */ = {isa = PBXBuildFile; fileRef = 1FF48439243BB3CF005FD41F /* Assets.xcassets */; };
		1FF4843D243BB3CF005FD41F /* LaunchScreen.storyboard in Resources */ = {isa = PBXBuildFile; fileRef = 1FF4843B243BB3CF005FD41F /* LaunchScreen.storyboard */; };
		1FF48448243BB3CF005FD41F /* CustomCarouselTests.swift in Sources */ = {isa = PBXBuildFile; fileRef = 1FF48447243BB3CF005FD41F /* CustomCarouselTests.swift */; };
		1FF48453243BB3D0005FD41F /* CustomCarouselUITests.swift in Sources */ = {isa = PBXBuildFile; fileRef = 1FF48452243BB3CF005FD41F /* CustomCarouselUITests.swift */; };
/* End PBXBuildFile section */

/* Begin PBXContainerItemProxy section */
		1FF48444243BB3CF005FD41F /* PBXContainerItemProxy */ = {
			isa = PBXContainerItemProxy;
			containerPortal = 1FF48425243BB3CF005FD41F /* Project object */;
			proxyType = 1;
			remoteGlobalIDString = 1FF4842C243BB3CF005FD41F;
			remoteInfo = CustomCarousel;
		};
		1FF4844F243BB3CF005FD41F /* PBXContainerItemProxy */ = {
			isa = PBXContainerItemProxy;
			containerPortal = 1FF48425243BB3CF005FD41F /* Project object */;
			proxyType = 1;
			remoteGlobalIDString = 1FF4842C243BB3CF005FD41F;
			remoteInfo = CustomCarousel;
		};
/* End PBXContainerItemProxy section */

/* Begin PBXFileReference section */
		1FF4842D243BB3CF005FD41F /* CustomCarousel.app */ = {isa = PBXFileReference; explicitFileType = wrapper.application; includeInIndex = 0; path = CustomCarousel.app; sourceTree = BUILT_PRODUCTS_DIR; };
		1FF48430243BB3CF005FD41F /* AppDelegate.swift */ = {isa = PBXFileReference; lastKnownFileType = sourcecode.swift; path = AppDelegate.swift; sourceTree = "<group>"; };
		1FF48432243BB3CF005FD41F /* SceneDelegate.swift */ = {isa = PBXFileReference; lastKnownFileType = sourcecode.swift; path = SceneDelegate.swift; sourceTree = "<group>"; };
		1FF48434243BB3CF005FD41F /* ViewController.swift */ = {isa = PBXFileReference; lastKnownFileType = sourcecode.swift; path = ViewController.swift; sourceTree = "<group>"; };
		1FF48437243BB3CF005FD41F /* Base */ = {isa = PBXFileReference; lastKnownFileType = file.storyboard; name = Base; path = Base.lproj/Main.storyboard; sourceTree = "<group>"; };
		1FF48439243BB3CF005FD41F /* Assets.xcassets */ = {isa = PBXFileReference; lastKnownFileType = folder.assetcatalog; path = Assets.xcassets; sourceTree = "<group>"; };
		1FF4843C243BB3CF005FD41F /* Base */ = {isa = PBXFileReference; lastKnownFileType = file.storyboard; name = Base; path = Base.lproj/LaunchScreen.storyboard; sourceTree = "<group>"; };
		1FF4843E243BB3CF005FD41F /* Info.plist */ = {isa = PBXFileReference; lastKnownFileType = text.plist.xml; path = Info.plist; sourceTree = "<group>"; };
		1FF48443243BB3CF005FD41F /* CustomCarouselTests.xctest */ = {isa = PBXFileReference; explicitFileType = wrapper.cfbundle; includeInIndex = 0; path = CustomCarouselTests.xctest; sourceTree = BUILT_PRODUCTS_DIR; };
		1FF48447243BB3CF005FD41F /* CustomCarouselTests.swift */ = {isa = PBXFileReference; lastKnownFileType = sourcecode.swift; path = CustomCarouselTests.swift; sourceTree = "<group>"; };
		1FF48449243BB3CF005FD41F /* Info.plist */ = {isa = PBXFileReference; lastKnownFileType = text.plist.xml; path = Info.plist; sourceTree = "<group>"; };
		1FF4844E243BB3CF005FD41F /* CustomCarouselUITests.xctest */ = {isa = PBXFileReference; explicitFileType = wrapper.cfbundle; includeInIndex = 0; path = CustomCarouselUITests.xctest; sourceTree = BUILT_PRODUCTS_DIR; };
		1FF48452243BB3CF005FD41F /* CustomCarouselUITests.swift */ = {isa = PBXFileReference; lastKnownFileType = sourcecode.swift; path = CustomCarouselUITests.swift; sourceTree = "<group>"; };
		1FF48454243BB3D0005FD41F /* Info.plist */ = {isa = PBXFileReference; lastKnownFileType = text.plist.xml; path = Info.plist; sourceTree = "<group>"; };
/* End PBXFileReference section */

/* Begin PBXFrameworksBuildPhase section */
		1FF4842A243BB3CF005FD41F /* Frameworks */ = {
			isa = PBXFrameworksBuildPhase;
			buildActionMask = 2147483647;
			files = (
			);
			runOnlyForDeploymentPostprocessing = 0;
		};
		1FF48440243BB3CF005FD41F /* Frameworks */ = {
			isa = PBXFrameworksBuildPhase;
			buildActionMask = 2147483647;
			files = (
			);
			runOnlyForDeploymentPostprocessing = 0;
		};
		1FF4844B243BB3CF005FD41F /* Frameworks */ = {
			isa = PBXFrameworksBuildPhase;
			buildActionMask = 2147483647;
			files = (
			);
			runOnlyForDeploymentPostprocessing = 0;
		};
/* End PBXFrameworksBuildPhase section */

/* Begin PBXGroup section */
		1FF48424243BB3CF005FD41F = {
			isa = PBXGroup;
			children = (
				1FF4842F243BB3CF005FD41F /* CustomCarousel */,
				1FF48446243BB3CF005FD41F /* CustomCarouselTests */,
				1FF48451243BB3CF005FD41F /* CustomCarouselUITests */,
				1FF4842E243BB3CF005FD41F /* Products */,
			);
			sourceTree = "<group>";
		};
		1FF4842E243BB3CF005FD41F /* Products */ = {
			isa = PBXGroup;
			children = (
				1FF4842D243BB3CF005FD41F /* CustomCarousel.app */,
				1FF48443243BB3CF005FD41F /* CustomCarouselTests.xctest */,
				1FF4844E243BB3CF005FD41F /* CustomCarouselUITests.xctest */,
			);
			name = Products;
			sourceTree = "<group>";
		};
		1FF4842F243BB3CF005FD41F /* CustomCarousel */ = {
			isa = PBXGroup;
			children = (
				1FF48430243BB3CF005FD41F /* AppDelegate.swift */,
				1FF48432243BB3CF005FD41F /* SceneDelegate.swift */,
				1FF48434243BB3CF005FD41F /* ViewController.swift */,
				1FF48436243BB3CF005FD41F /* Main.storyboard */,
				1FF48439243BB3CF005FD41F /* Assets.xcassets */,
				1FF4843B243BB3CF005FD41F /* LaunchScreen.storyboard */,
				1FF4843E243BB3CF005FD41F /* Info.plist */,
			);
			path = CustomCarousel;
			sourceTree = "<group>";
		};
		1FF48446243BB3CF005FD41F /* CustomCarouselTests */ = {
			isa = PBXGroup;
			children = (
				1FF48447243BB3CF005FD41F /* CustomCarouselTests.swift */,
				1FF48449243BB3CF005FD41F /* Info.plist */,
			);
			path = CustomCarouselTests;
			sourceTree = "<group>";
		};
		1FF48451243BB3CF005FD41F /* CustomCarouselUITests */ = {
			isa = PBXGroup;
			children = (
				1FF48452243BB3CF005FD41F /* CustomCarouselUITests.swift */,
				1FF48454243BB3D0005FD41F /* Info.plist */,
			);
			path = CustomCarouselUITests;
			sourceTree = "<group>";
		};
/* End PBXGroup section */

/* Begin PBXNativeTarget section */
		1FF4842C243BB3CF005FD41F /* CustomCarousel */ = {
			isa = PBXNativeTarget;
			buildConfigurationList = 1FF48457243BB3D0005FD41F /* Build configuration list for PBXNativeTarget "CustomCarousel" */;
			buildPhases = (
				1FF48429243BB3CF005FD41F /* Sources */,
				1FF4842A243BB3CF005FD41F /* Frameworks */,
				1FF4842B243BB3CF005FD41F /* Resources */,
			);
			buildRules = (
			);
			dependencies = (
			);
			name = CustomCarousel;
			productName = CustomCarousel;
			productReference = 1FF4842D243BB3CF005FD41F /* CustomCarousel.app */;
			productType = "com.apple.product-type.application";
		};
		1FF48442243BB3CF005FD41F /* CustomCarouselTests */ = {
			isa = PBXNativeTarget;
			buildConfigurationList = 1FF4845A243BB3D0005FD41F /* Build configuration list for PBXNativeTarget "CustomCarouselTests" */;
			buildPhases = (
				1FF4843F243BB3CF005FD41F /* Sources */,
				1FF48440243BB3CF005FD41F /* Frameworks */,
				1FF48441243BB3CF005FD41F /* Resources */,
			);
			buildRules = (
			);
			dependencies = (
				1FF48445243BB3CF005FD41F /* PBXTargetDependency */,
			);
			name = CustomCarouselTests;
			productName = CustomCarouselTests;
			productReference = 1FF48443243BB3CF005FD41F /* CustomCarouselTests.xctest */;
			productType = "com.apple.product-type.bundle.unit-test";
		};
		1FF4844D243BB3CF005FD41F /* CustomCarouselUITests */ = {
			isa = PBXNativeTarget;
			buildConfigurationList = 1FF4845D243BB3D0005FD41F /* Build configuration list for PBXNativeTarget "CustomCarouselUITests" */;
			buildPhases = (
				1FF4844A243BB3CF005FD41F /* Sources */,
				1FF4844B243BB3CF005FD41F /* Frameworks */,
				1FF4844C243BB3CF005FD41F /* Resources */,
			);
			buildRules = (
			);
			dependencies = (
				1FF48450243BB3CF005FD41F /* PBXTargetDependency */,
			);
			name = CustomCarouselUITests;
			productName = CustomCarouselUITests;
			productReference = 1FF4844E243BB3CF005FD41F /* CustomCarouselUITests.xctest */;
			productType = "com.apple.product-type.bundle.ui-testing";
		};
/* End PBXNativeTarget section */

/* Begin PBXProject section */
		1FF48425243BB3CF005FD41F /* Project object */ = {
			isa = PBXProject;
			attributes = {
				LastSwiftUpdateCheck = 1120;
				LastUpgradeCheck = 1120;
				ORGANIZATIONNAME = "Ricardo Sgobbe";
				TargetAttributes = {
					1FF4842C243BB3CF005FD41F = {
						CreatedOnToolsVersion = 11.2.1;
					};
					1FF48442243BB3CF005FD41F = {
						CreatedOnToolsVersion = 11.2.1;
						TestTargetID = 1FF4842C243BB3CF005FD41F;
					};
					1FF4844D243BB3CF005FD41F = {
						CreatedOnToolsVersion = 11.2.1;
						TestTargetID = 1FF4842C243BB3CF005FD41F;
					};
				};
			};
			buildConfigurationList = 1FF48428243BB3CF005FD41F /* Build configuration list for PBXProject "CustomCarousel" */;
			compatibilityVersion = "Xcode 9.3";
			developmentRegion = en;
			hasScannedForEncodings = 0;
			knownRegions = (
				en,
				Base,
			);
			mainGroup = 1FF48424243BB3CF005FD41F;
			productRefGroup = 1FF4842E243BB3CF005FD41F /* Products */;
			projectDirPath = "";
			projectRoot = "";
			targets = (
				1FF4842C243BB3CF005FD41F /* CustomCarousel */,
				1FF48442243BB3CF005FD41F /* CustomCarouselTests */,
				1FF4844D243BB3CF005FD41F /* CustomCarouselUITests */,
			);
		};
/* End PBXProject section */

/* Begin PBXResourcesBuildPhase section */
		1FF4842B243BB3CF005FD41F /* Resources */ = {
			isa = PBXResourcesBuildPhase;
			buildActionMask = 2147483647;
			files = (
				1FF4843D243BB3CF005FD41F /* LaunchScreen.storyboard in Resources */,
				1FF4843A243BB3CF005FD41F /* Assets.xcassets in Resources */,
				1FF48438243BB3CF005FD41F /* Main.storyboard in Resources */,
			);
			runOnlyForDeploymentPostprocessing = 0;
		};
		1FF48441243BB3CF005FD41F /* Resources */ = {
			isa = PBXResourcesBuildPhase;
			buildActionMask = 2147483647;
			files = (
			);
			runOnlyForDeploymentPostprocessing = 0;
		};
		1FF4844C243BB3CF005FD41F /* Resources */ = {
			isa = PBXResourcesBuildPhase;
			buildActionMask = 2147483647;
			files = (
			);
			runOnlyForDeploymentPostprocessing = 0;
		};
/* End PBXResourcesBuildPhase section */

/* Begin PBXSourcesBuildPhase section */
		1FF48429243BB3CF005FD41F /* Sources */ = {
			isa = PBXSourcesBuildPhase;
			buildActionMask = 2147483647;
			files = (
				1FF48435243BB3CF005FD41F /* ViewController.swift in Sources */,
				1FF48431243BB3CF005FD41F /* AppDelegate.swift in Sources */,
				1FF48433243BB3CF005FD41F /* SceneDelegate.swift in Sources */,
			);
			runOnlyForDeploymentPostprocessing = 0;
		};
		1FF4843F243BB3CF005FD41F /* Sources */ = {
			isa = PBXSourcesBuildPhase;
			buildActionMask = 2147483647;
			files = (
				1FF48448243BB3CF005FD41F /* CustomCarouselTests.swift in Sources */,
			);
			runOnlyForDeploymentPostprocessing = 0;
		};
		1FF4844A243BB3CF005FD41F /* Sources */ = {
			isa = PBXSourcesBuildPhase;
			buildActionMask = 2147483647;
			files = (
				1FF48453243BB3D0005FD41F /* CustomCarouselUITests.swift in Sources */,
			);
			runOnlyForDeploymentPostprocessing = 0;
		};
/* End PBXSourcesBuildPhase section */

/* Begin PBXTargetDependency section */
		1FF48445243BB3CF005FD41F /* PBXTargetDependency */ = {
			isa = PBXTargetDependency;
			target = 1FF4842C243BB3CF005FD41F /* CustomCarousel */;
			targetProxy = 1FF48444243BB3CF005FD41F /* PBXContainerItemProxy */;
		};
		1FF48450243BB3CF005FD41F /* PBXTargetDependency */ = {
			isa = PBXTargetDependency;
			target = 1FF4842C243BB3CF005FD41F /* CustomCarousel */;
			targetProxy = 1FF4844F243BB3CF005FD41F /* PBXContainerItemProxy */;
		};
/* End PBXTargetDependency section */

/* Begin PBXVariantGroup section */
		1FF48436243BB3CF005FD41F /* Main.storyboard */ = {
			isa = PBXVariantGroup;
			children = (
				1FF48437243BB3CF005FD41F /* Base */,
			);
			name = Main.storyboard;
			sourceTree = "<group>";
		};
		1FF4843B243BB3CF005FD41F /* LaunchScreen.storyboard */ = {
			isa = PBXVariantGroup;
			children = (
				1FF4843C243BB3CF005FD41F /* Base */,
			);
			name = LaunchScreen.storyboard;
			sourceTree = "<group>";
		};
/* End PBXVariantGroup section */

/* Begin XCBuildConfiguration section */
		1FF48455243BB3D0005FD41F /* Debug */ = {
			isa = XCBuildConfiguration;
			buildSettings = {
				ALWAYS_SEARCH_USER_PATHS = NO;
				CLANG_ANALYZER_NONNULL = YES;
				CLANG_ANALYZER_NUMBER_OBJECT_CONVERSION = YES_AGGRESSIVE;
				CLANG_CXX_LANGUAGE_STANDARD = "gnu++14";
				CLANG_CXX_LIBRARY = "libc++";
				CLANG_ENABLE_MODULES = YES;
				CLANG_ENABLE_OBJC_ARC = YES;
				CLANG_ENABLE_OBJC_WEAK = YES;
				CLANG_WARN_BLOCK_CAPTURE_AUTORELEASING = YES;
				CLANG_WARN_BOOL_CONVERSION = YES;
				CLANG_WARN_COMMA = YES;
				CLANG_WARN_CONSTANT_CONVERSION = YES;
				CLANG_WARN_DEPRECATED_OBJC_IMPLEMENTATIONS = YES;
				CLANG_WARN_DIRECT_OBJC_ISA_USAGE = YES_ERROR;
				CLANG_WARN_DOCUMENTATION_COMMENTS = YES;
				CLANG_WARN_EMPTY_BODY = YES;
				CLANG_WARN_ENUM_CONVERSION = YES;
				CLANG_WARN_INFINITE_RECURSION = YES;
				CLANG_WARN_INT_CONVERSION = YES;
				CLANG_WARN_NON_LITERAL_NULL_CONVERSION = YES;
				CLANG_WARN_OBJC_IMPLICIT_RETAIN_SELF = YES;
				CLANG_WARN_OBJC_LITERAL_CONVERSION = YES;
				CLANG_WARN_OBJC_ROOT_CLASS = YES_ERROR;
				CLANG_WARN_RANGE_LOOP_ANALYSIS = YES;
				CLANG_WARN_STRICT_PROTOTYPES = YES;
				CLANG_WARN_SUSPICIOUS_MOVE = YES;
				CLANG_WARN_UNGUARDED_AVAILABILITY = YES_AGGRESSIVE;
				CLANG_WARN_UNREACHABLE_CODE = YES;
				CLANG_WARN__DUPLICATE_METHOD_MATCH = YES;
				COPY_PHASE_STRIP = NO;
				DEBUG_INFORMATION_FORMAT = dwarf;
				ENABLE_STRICT_OBJC_MSGSEND = YES;
				ENABLE_TESTABILITY = YES;
				GCC_C_LANGUAGE_STANDARD = gnu11;
				GCC_DYNAMIC_NO_PIC = NO;
				GCC_NO_COMMON_BLOCKS = YES;
				GCC_OPTIMIZATION_LEVEL = 0;
				GCC_PREPROCESSOR_DEFINITIONS = (
					"DEBUG=1",
					"$(inherited)",
				);
				GCC_WARN_64_TO_32_BIT_CONVERSION = YES;
				GCC_WARN_ABOUT_RETURN_TYPE = YES_ERROR;
				GCC_WARN_UNDECLARED_SELECTOR = YES;
				GCC_WARN_UNINITIALIZED_AUTOS = YES_AGGRESSIVE;
				GCC_WARN_UNUSED_FUNCTION = YES;
				GCC_WARN_UNUSED_VARIABLE = YES;
				IPHONEOS_DEPLOYMENT_TARGET = 13.2;
				MTL_ENABLE_DEBUG_INFO = INCLUDE_SOURCE;
				MTL_FAST_MATH = YES;
				ONLY_ACTIVE_ARCH = YES;
				SDKROOT = iphoneos;
				SWIFT_ACTIVE_COMPILATION_CONDITIONS = DEBUG;
				SWIFT_OPTIMIZATION_LEVEL = "-Onone";
			};
			name = Debug;
		};
		1FF48456243BB3D0005FD41F /* Release */ = {
			isa = XCBuildConfiguration;
			buildSettings = {
				ALWAYS_SEARCH_USER_PATHS = NO;
				CLANG_ANALYZER_NONNULL = YES;
				CLANG_ANALYZER_NUMBER_OBJECT_CONVERSION = YES_AGGRESSIVE;
				CLANG_CXX_LANGUAGE_STANDARD = "gnu++14";
				CLANG_CXX_LIBRARY = "libc++";
				CLANG_ENABLE_MODULES = YES;
				CLANG_ENABLE_OBJC_ARC = YES;
				CLANG_ENABLE_OBJC_WEAK = YES;
				CLANG_WARN_BLOCK_CAPTURE_AUTORELEASING = YES;
				CLANG_WARN_BOOL_CONVERSION = YES;
				CLANG_WARN_COMMA = YES;
				CLANG_WARN_CONSTANT_CONVERSION = YES;
				CLANG_WARN_DEPRECATED_OBJC_IMPLEMENTATIONS = YES;
				CLANG_WARN_DIRECT_OBJC_ISA_USAGE = YES_ERROR;
				CLANG_WARN_DOCUMENTATION_COMMENTS = YES;
				CLANG_WARN_EMPTY_BODY = YES;
				CLANG_WARN_ENUM_CONVERSION = YES;
				CLANG_WARN_INFINITE_RECURSION = YES;
				CLANG_WARN_INT_CONVERSION = YES;
				CLANG_WARN_NON_LITERAL_NULL_CONVERSION = YES;
				CLANG_WARN_OBJC_IMPLICIT_RETAIN_SELF = YES;
				CLANG_WARN_OBJC_LITERAL_CONVERSION = YES;
				CLANG_WARN_OBJC_ROOT_CLASS = YES_ERROR;
				CLANG_WARN_RANGE_LOOP_ANALYSIS = YES;
				CLANG_WARN_STRICT_PROTOTYPES = YES;
				CLANG_WARN_SUSPICIOUS_MOVE = YES;
				CLANG_WARN_UNGUARDED_AVAILABILITY = YES_AGGRESSIVE;
				CLANG_WARN_UNREACHABLE_CODE = YES;
				CLANG_WARN__DUPLICATE_METHOD_MATCH = YES;
				COPY_PHASE_STRIP = NO;
				DEBUG_INFORMATION_FORMAT = "dwarf-with-dsym";
				ENABLE_NS_ASSERTIONS = NO;
				ENABLE_STRICT_OBJC_MSGSEND = YES;
				GCC_C_LANGUAGE_STANDARD = gnu11;
				GCC_NO_COMMON_BLOCKS = YES;
				GCC_WARN_64_TO_32_BIT_CONVERSION = YES;
				GCC_WARN_ABOUT_RETURN_TYPE = YES_ERROR;
				GCC_WARN_UNDECLARED_SELECTOR = YES;
				GCC_WARN_UNINITIALIZED_AUTOS = YES_AGGRESSIVE;
				GCC_WARN_UNUSED_FUNCTION = YES;
				GCC_WARN_UNUSED_VARIABLE = YES;
				IPHONEOS_DEPLOYMENT_TARGET = 13.2;
				MTL_ENABLE_DEBUG_INFO = NO;
				MTL_FAST_MATH = YES;
				SDKROOT = iphoneos;
				SWIFT_COMPILATION_MODE = wholemodule;
				SWIFT_OPTIMIZATION_LEVEL = "-O";
				VALIDATE_PRODUCT = YES;
			};
			name = Release;
		};
		1FF48458243BB3D0005FD41F /* Debug */ = {
			isa = XCBuildConfiguration;
			buildSettings = {
				ASSETCATALOG_COMPILER_APPICON_NAME = AppIcon;
				CODE_SIGN_STYLE = Automatic;
				DEVELOPMENT_TEAM = 27J57JPMU9;
				INFOPLIST_FILE = CustomCarousel/Info.plist;
				LD_RUNPATH_SEARCH_PATHS = (
					"$(inherited)",
					"@executable_path/Frameworks",
				);
				PRODUCT_BUNDLE_IDENTIFIER = com.ricardsgobbe.CustomCarousel;
				PRODUCT_NAME = "$(TARGET_NAME)";
				SWIFT_VERSION = 5.0;
				TARGETED_DEVICE_FAMILY = "1,2";
			};
			name = Debug;
		};
		1FF48459243BB3D0005FD41F /* Release */ = {
			isa = XCBuildConfiguration;
			buildSettings = {
				ASSETCATALOG_COMPILER_APPICON_NAME = AppIcon;
				CODE_SIGN_STYLE = Automatic;
				DEVELOPMENT_TEAM = 27J57JPMU9;
				INFOPLIST_FILE = CustomCarousel/Info.plist;
				LD_RUNPATH_SEARCH_PATHS = (
					"$(inherited)",
					"@executable_path/Frameworks",
				);
				PRODUCT_BUNDLE_IDENTIFIER = com.ricardsgobbe.CustomCarousel;
				PRODUCT_NAME = "$(TARGET_NAME)";
				SWIFT_VERSION = 5.0;
				TARGETED_DEVICE_FAMILY = "1,2";
			};
			name = Release;
		};
		1FF4845B243BB3D0005FD41F /* Debug */ = {
			isa = XCBuildConfiguration;
			buildSettings = {
				ALWAYS_EMBED_SWIFT_STANDARD_LIBRARIES = YES;
				BUNDLE_LOADER = "$(TEST_HOST)";
				CODE_SIGN_STYLE = Automatic;
				DEVELOPMENT_TEAM = 27J57JPMU9;
				INFOPLIST_FILE = CustomCarouselTests/Info.plist;
				IPHONEOS_DEPLOYMENT_TARGET = 13.2;
				LD_RUNPATH_SEARCH_PATHS = (
					"$(inherited)",
					"@executable_path/Frameworks",
					"@loader_path/Frameworks",
				);
				PRODUCT_BUNDLE_IDENTIFIER = com.ricardsgobbe.CustomCarouselTests;
				PRODUCT_NAME = "$(TARGET_NAME)";
				SWIFT_VERSION = 5.0;
				TARGETED_DEVICE_FAMILY = "1,2";
				TEST_HOST = "$(BUILT_PRODUCTS_DIR)/CustomCarousel.app/CustomCarousel";
			};
			name = Debug;
		};
		1FF4845C243BB3D0005FD41F /* Release */ = {
			isa = XCBuildConfiguration;
			buildSettings = {
				ALWAYS_EMBED_SWIFT_STANDARD_LIBRARIES = YES;
				BUNDLE_LOADER = "$(TEST_HOST)";
				CODE_SIGN_STYLE = Automatic;
				DEVELOPMENT_TEAM = 27J57JPMU9;
				INFOPLIST_FILE = CustomCarouselTests/Info.plist;
				IPHONEOS_DEPLOYMENT_TARGET = 13.2;
				LD_RUNPATH_SEARCH_PATHS = (
					"$(inherited)",
					"@executable_path/Frameworks",
					"@loader_path/Frameworks",
				);
				PRODUCT_BUNDLE_IDENTIFIER = com.ricardsgobbe.CustomCarouselTests;
				PRODUCT_NAME = "$(TARGET_NAME)";
				SWIFT_VERSION = 5.0;
				TARGETED_DEVICE_FAMILY = "1,2";
				TEST_HOST = "$(BUILT_PRODUCTS_DIR)/CustomCarousel.app/CustomCarousel";
			};
			name = Release;
		};
		1FF4845E243BB3D0005FD41F /* Debug */ = {
			isa = XCBuildConfiguration;
			buildSettings = {
				ALWAYS_EMBED_SWIFT_STANDARD_LIBRARIES = YES;
				CODE_SIGN_STYLE = Automatic;
				DEVELOPMENT_TEAM = 27J57JPMU9;
				INFOPLIST_FILE = CustomCarouselUITests/Info.plist;
				LD_RUNPATH_SEARCH_PATHS = (
					"$(inherited)",
					"@executable_path/Frameworks",
					"@loader_path/Frameworks",
				);
				PRODUCT_BUNDLE_IDENTIFIER = com.ricardsgobbe.CustomCarouselUITests;
				PRODUCT_NAME = "$(TARGET_NAME)";
				SWIFT_VERSION = 5.0;
				TARGETED_DEVICE_FAMILY = "1,2";
				TEST_TARGET_NAME = CustomCarousel;
			};
			name = Debug;
		};
		1FF4845F243BB3D0005FD41F /* Release */ = {
			isa = XCBuildConfiguration;
			buildSettings = {
				ALWAYS_EMBED_SWIFT_STANDARD_LIBRARIES = YES;
				CODE_SIGN_STYLE = Automatic;
				DEVELOPMENT_TEAM = 27J57JPMU9;
				INFOPLIST_FILE = CustomCarouselUITests/Info.plist;
				LD_RUNPATH_SEARCH_PATHS = (
					"$(inherited)",
					"@executable_path/Frameworks",
					"@loader_path/Frameworks",
				);
				PRODUCT_BUNDLE_IDENTIFIER = com.ricardsgobbe.CustomCarouselUITests;
				PRODUCT_NAME = "$(TARGET_NAME)";
				SWIFT_VERSION = 5.0;
				TARGETED_DEVICE_FAMILY = "1,2";
				TEST_TARGET_NAME = CustomCarousel;
			};
			name = Release;
		};
/* End XCBuildConfiguration section */

/* Begin XCConfigurationList section */
		1FF48428243BB3CF005FD41F /* Build configuration list for PBXProject "CustomCarousel" */ = {
			isa = XCConfigurationList;
			buildConfigurations = (
				1FF48455243BB3D0005FD41F /* Debug */,
				1FF48456243BB3D0005FD41F /* Release */,
			);
			defaultConfigurationIsVisible = 0;
			defaultConfigurationName = Release;
		};
		1FF48457243BB3D0005FD41F /* Build configuration list for PBXNativeTarget "CustomCarousel" */ = {
			isa = XCConfigurationList;
			buildConfigurations = (
				1FF48458243BB3D0005FD41F /* Debug */,
				1FF48459243BB3D0005FD41F /* Release */,
			);
			defaultConfigurationIsVisible = 0;
			defaultConfigurationName = Release;
		};
		1FF4845A243BB3D0005FD41F /* Build configuration list for PBXNativeTarget "CustomCarouselTests" */ = {
			isa = XCConfigurationList;
			buildConfigurations = (
				1FF4845B243BB3D0005FD41F /* Debug */,
				1FF4845C243BB3D0005FD41F /* Release */,
			);
			defaultConfigurationIsVisible = 0;
			defaultConfigurationName = Release;
		};
		1FF4845D243BB3D0005FD41F /* Build configuration list for PBXNativeTarget "CustomCarouselUITests" */ = {
			isa = XCConfigurationList;
			buildConfigurations = (
				1FF4845E243BB3D0005FD41F /* Debug */,
				1FF4845F243BB3D0005FD41F /* Release */,
			);
			defaultConfigurationIsVisible = 0;
			defaultConfigurationName = Release;
		};
/* End XCConfigurationList section */
	};
	rootObject = 1FF48425243BB3CF005FD41F /* Project object */;
}
